<?xml version="1.0" encoding="UTF-8" standalone="yes" ?>
<CodeBlocks_project_file>
	<FileVersion major="1" minor="6" />
	<Project>
		<Option title="Tracker" />
		<Option pch_mode="2" />
		<Option compiler="gcc" />
		<Build>
			<Target title="Debug">
				<Option output="../tracker/bin/Debug/tracker" prefix_auto="1" extension_auto="1" />
				<Option object_output="../tracker/object/Debug/" />
				<Option type="1" />
				<Option compiler="gcc" />
				<Compiler>
					<Add option="-std=c++11" />
					<Add option="-g" />
					<Add directory="/usr/debug/include/opencv4" />
					<Add directory="/usr/debug/include/opencv4/opencv2" />
					<Add directory="/home/josemar/onedrive/projects/basecode" />
				</Compiler>
				<Linker>
					<Add library="/usr/lib/x86_64-linux-gnu/libpthread.so" />
					<Add library="/usr/debug/lib/libopencv_aruco.so" />
					<Add library="/usr/debug/lib/libopencv_bgsegm.so" />
					<Add library="/usr/debug/lib/libopencv_bioinspired.so" />
					<Add library="/usr/debug/lib/libopencv_calib3d.so" />
					<Add library="/usr/debug/lib/libopencv_ccalib.so" />
					<Add library="/usr/debug/lib/libopencv_core.so" />
					<Add library="/usr/debug/lib/libopencv_datasets.so" />
					<Add library="/usr/debug/lib/libopencv_dnn.so" />
					<Add library="/usr/debug/lib/libopencv_dnn_objdetect.so" />
					<Add library="/usr/debug/lib/libopencv_dpm.so" />
					<Add library="/usr/debug/lib/libopencv_face.so" />
					<Add library="/usr/debug/lib/libopencv_features2d.so" />
					<Add library="/usr/debug/lib/libopencv_flann.so" />
					<Add library="/usr/debug/lib/libopencv_freetype.so" />
					<Add library="/usr/debug/lib/libopencv_fuzzy.so" />
					<Add library="/usr/debug/lib/libopencv_gapi.so" />
					<Add library="/usr/debug/lib/libopencv_hfs.so" />
					<Add library="/usr/debug/lib/libopencv_highgui.so" />
					<Add library="/usr/debug/lib/libopencv_img_hash.so" />
					<Add library="/usr/debug/lib/libopencv_imgcodecs.so" />
					<Add library="/usr/debug/lib/libopencv_imgproc.so" />
					<Add library="/usr/debug/lib/libopencv_line_descriptor.so" />
					<Add library="/usr/debug/lib/libopencv_ml.so" />
					<Add library="/usr/debug/lib/libopencv_objdetect.so" />
					<Add library="/usr/debug/lib/libopencv_optflow.so" />
					<Add library="/usr/debug/lib/libopencv_phase_unwrapping.so" />
					<Add library="/usr/debug/lib/libopencv_photo.so" />
					<Add library="/usr/debug/lib/libopencv_plot.so" />
					<Add library="/usr/debug/lib/libopencv_quality.so" />
					<Add library="/usr/debug/lib/libopencv_reg.so" />
					<Add library="/usr/debug/lib/libopencv_rgbd.so" />
					<Add library="/usr/debug/lib/libopencv_saliency.so" />
					<Add library="/usr/debug/lib/libopencv_shape.so" />
					<Add library="/usr/debug/lib/libopencv_stereo.so" />
					<Add library="/usr/debug/lib/libopencv_stitching.so" />
					<Add library="/usr/debug/lib/libopencv_structured_light.so" />
					<Add library="/usr/debug/lib/libopencv_superres.so" />
					<Add library="/usr/debug/lib/libopencv_surface_matching.so" />
					<Add library="/usr/debug/lib/libopencv_text.so" />
					<Add library="/usr/debug/lib/libopencv_tracking.so" />
					<Add library="/usr/debug/lib/libopencv_video.so" />
					<Add library="/usr/debug/lib/libopencv_videoio.so" />
					<Add library="/usr/debug/lib/libopencv_videostab.so" />
					<Add library="/usr/debug/lib/libopencv_xfeatures2d.so" />
					<Add library="/usr/debug/lib/libopencv_ximgproc.so" />
					<Add library="/usr/debug/lib/libopencv_xobjdetect.so" />
					<Add library="/usr/debug/lib/libopencv_xphoto.so" />
					<Add directory="/usr/debug/lib" />
				</Linker>
			</Target>
			<Target title="Release">
				<Option output="../tracker/bin/Release/tracker" prefix_auto="1" extension_auto="1" />
				<Option object_output="../tracker/object/Release/" />
				<Option type="1" />
				<Option compiler="gcc" />
				<Compiler>
					<Add option="-O2" />
					<Add option="-std=c++11" />
					<Add directory="/usr/local/include/opencv4" />
					<Add directory="/usr/local/include/opencv4/opencv2" />
					<Add directory="/home/josemar/onedrive/projects/basecode" />
				</Compiler>
				<Linker>
					<Add option="-s" />
					<Add library="/usr/lib/x86_64-linux-gnu/libpthread.so" />
					<Add library="/usr/local/lib/libopencv_aruco.so" />
					<Add library="/usr/local/lib/libopencv_bgsegm.so" />
					<Add library="/usr/local/lib/libopencv_bioinspired.so" />
					<Add library="/usr/local/lib/libopencv_calib3d.so" />
					<Add library="/usr/local/lib/libopencv_ccalib.so" />
					<Add library="/usr/local/lib/libopencv_core.so" />
					<Add library="/usr/local/lib/libopencv_datasets.so" />
					<Add library="/usr/local/lib/libopencv_dnn.so" />
					<Add library="/usr/local/lib/libopencv_dnn_objdetect.so" />
					<Add library="/usr/local/lib/libopencv_dpm.so" />
					<Add library="/usr/local/lib/libopencv_face.so" />
					<Add library="/usr/local/lib/libopencv_features2d.so" />
					<Add library="/usr/local/lib/libopencv_flann.so" />
					<Add library="/usr/local/lib/libopencv_freetype.so" />
					<Add library="/usr/local/lib/libopencv_fuzzy.so" />
					<Add library="/usr/local/lib/libopencv_gapi.so" />
					<Add library="/usr/local/lib/libopencv_hfs.so" />
					<Add library="/usr/local/lib/libopencv_highgui.so" />
					<Add library="/usr/local/lib/libopencv_img_hash.so" />
					<Add library="/usr/local/lib/libopencv_imgcodecs.so" />
					<Add library="/usr/local/lib/libopencv_imgproc.so" />
					<Add library="/usr/local/lib/libopencv_line_descriptor.so" />
					<Add library="/usr/local/lib/libopencv_ml.so" />
					<Add library="/usr/local/lib/libopencv_objdetect.so" />
					<Add library="/usr/local/lib/libopencv_optflow.so" />
					<Add library="/usr/local/lib/libopencv_phase_unwrapping.so" />
					<Add library="/usr/local/lib/libopencv_photo.so" />
					<Add library="/usr/local/lib/libopencv_plot.so" />
					<Add library="/usr/local/lib/libopencv_quality.so" />
					<Add library="/usr/local/lib/libopencv_reg.so" />
					<Add library="/usr/local/lib/libopencv_rgbd.so" />
					<Add library="/usr/local/lib/libopencv_saliency.so" />
					<Add library="/usr/local/lib/libopencv_shape.so" />
					<Add library="/usr/local/lib/libopencv_stereo.so" />
					<Add library="/usr/local/lib/libopencv_stitching.so" />
					<Add library="/usr/local/lib/libopencv_structured_light.so" />
					<Add library="/usr/local/lib/libopencv_superres.so" />
					<Add library="/usr/local/lib/libopencv_surface_matching.so" />
					<Add library="/usr/local/lib/libopencv_text.so" />
					<Add library="/usr/local/lib/libopencv_tracking.so" />
					<Add library="/usr/local/lib/libopencv_video.so" />
					<Add library="/usr/local/lib/libopencv_videoio.so" />
					<Add library="/usr/local/lib/libopencv_videostab.so" />
					<Add library="/usr/local/lib/libopencv_xfeatures2d.so" />
					<Add library="/usr/local/lib/libopencv_ximgproc.so" />
					<Add library="/usr/local/lib/libopencv_xobjdetect.so" />
					<Add library="/usr/local/lib/libopencv_xphoto.so" />
					<Add directory="/usr/local/lib" />
				</Linker>
			</Target>
		</Build>
		<Compiler>
			<Add option="-Wall" />
			<Add option="-fexceptions" />
		</Compiler>
		<Unit filename="../kbhit/kbhit.c">
			<Option compilerVar="CC" />
		</Unit>
		<Unit filename="../kbhit/kbhit.h" />
		<Unit filename="src/tracker.cpp" />
		<Extensions />
	</Project>
</CodeBlocks_project_file>
